{
  "name": "dahdit",
  "version": "1.0.0",
  "lockfileVersion": 3,
  "requires": true,
  "packages": {
    "": {
      "name": "dahdit",
      "version": "1.0.0",
      "license": "MIT",
      "dependencies": {
        "morse-wasm": "file:../wasm-core"
      }
    },
    "../wasm-core": {
      "name": "morse-wasm",
      "version": "1.0.0",
      "license": "MIT"
    },
    "node_modules/morse-wasm": {
      "resolved": "../wasm-core",
      "link": true
    }
  }
}
